
Microsoft Visual Studio Solution File, Format Version 12.00
# Visual Studio Version 17
VisualStudioVersion = 17.6.33801.468
MinimumVisualStudioVersion = 10.0.40219.1
Project("{FAE04EC0-301F-11D3-BF4B-00C04F79EFBC}") = "GraphQL.API.Backend", "GraphQL.API.Backend\GraphQL.API.Backend.csproj", "{6856FDB4-1818-49AE-A134-70449E2D56F9}"
EndProject
Global
	GlobalSection(SolutionConfigurationPlatforms) = preSolution
		Debug|Any CPU = Debug|Any CPU
		Release|Any CPU = Release|Any CPU
	EndGlobalSection
	GlobalSection(ProjectConfigurationPlatforms) = postSolution
		{6856FDB4-1818-49AE-A134-70449E2D56F9}.Debug|Any CPU.ActiveCfg = Debug|Any CPU
		{6856FDB4-1818-49AE-A134-70449E2D56F9}.Debug|Any CPU.Build.0 = Debug|Any CPU
		{6856FDB4-1818-49AE-A134-70449E2D56F9}.Release|Any CPU.ActiveCfg = Release|Any CPU
		{6856FDB4-1818-49AE-A134-70449E2D56F9}.Release|Any CPU.Build.0 = Release|Any CPU
	EndGlobalSection
	GlobalSection(SolutionProperties) = preSolution
		HideSolutionNode = FALSE
	EndGlobalSection
	GlobalSection(ExtensibilityGlobals) = postSolution
		SolutionGuid = {256612F2-9808-40B4-A4FA-945F9D731304}
	EndGlobalSection
EndGlobal
